
Microsoft Visual Studio Solution File, Format Version 11.00
# Visual Studio 2010
Project("{FAE04EC0-301F-11D3-BF4B-00C04F79EFBC}") = "AAClib", "AAClib\AAClib.csproj", "{3B0A6356-5364-4F9D-B259-651D86ED21C5}"
EndProject
Project("{FAE04EC0-301F-11D3-BF4B-00C04F79EFBC}") = "TestAAC", "TestAAC\TestAAC.csproj", "{9AE09151-9BAF-4FBA-B332-1EB52F04E01B}"
EndProject
Global
	GlobalSection(SolutionConfigurationPlatforms) = preSolution
		Debug|Any CPU = Debug|Any CPU
		Release|Any CPU = Release|Any CPU
	EndGlobalSection
	GlobalSection(ProjectConfigurationPlatforms) = postSolution
		{3B0A6356-5364-4F9D-B259-651D86ED21C5}.Debug|Any CPU.ActiveCfg = Debug|Any CPU
		{3B0A6356-5364-4F9D-B259-651D86ED21C5}.Debug|Any CPU.Build.0 = Debug|Any CPU
		{3B0A6356-5364-4F9D-B259-651D86ED21C5}.Release|Any CPU.ActiveCfg = Release|Any CPU
		{3B0A6356-5364-4F9D-B259-651D86ED21C5}.Release|Any CPU.Build.0 = Release|Any CPU
		{9AE09151-9BAF-4FBA-B332-1EB52F04E01B}.Debug|Any CPU.ActiveCfg = Debug|Any CPU
		{9AE09151-9BAF-4FBA-B332-1EB52F04E01B}.Debug|Any CPU.Build.0 = Debug|Any CPU
		{9AE09151-9BAF-4FBA-B332-1EB52F04E01B}.Release|Any CPU.ActiveCfg = Release|Any CPU
		{9AE09151-9BAF-4FBA-B332-1EB52F04E01B}.Release|Any CPU.Build.0 = Release|Any CPU
	EndGlobalSection
	GlobalSection(SolutionProperties) = preSolution
		HideSolutionNode = FALSE
	EndGlobalSection
EndGlobal
